
Microsoft Visual Studio Solution File, Format Version 12.00
# Visual Studio Version 16
VisualStudioVersion = 16.0.29613.14
MinimumVisualStudioVersion = 10.0.40219.1
Project("{9A19103F-16F7-4668-BE54-9A1E7A4F7556}") = "SteamAccountSwitcher", "SteamAccountSwitcher\SteamAccountSwitcher.csproj", "{AD538A33-9E65-4467-8FFF-55B71C23EF03}"
EndProject
Global
	GlobalSection(SolutionConfigurationPlatforms) = preSolution
		Debug|Any CPU = Debug|Any CPU
		Release|Any CPU = Release|Any CPU
	EndGlobalSection
	GlobalSection(ProjectConfigurationPlatforms) = postSolution
		{AD538A33-9E65-4467-8FFF-55B71C23EF03}.Debug|Any CPU.ActiveCfg = Debug|Any CPU
		{AD538A33-9E65-4467-8FFF-55B71C23EF03}.Debug|Any CPU.Build.0 = Debug|Any CPU
		{AD538A33-9E65-4467-8FFF-55B71C23EF03}.Release|Any CPU.ActiveCfg = Release|Any CPU
		{AD538A33-9E65-4467-8FFF-55B71C23EF03}.Release|Any CPU.Build.0 = Release|Any CPU
	EndGlobalSection
	GlobalSection(SolutionProperties) = preSolution
		HideSolutionNode = FALSE
	EndGlobalSection
	GlobalSection(ExtensibilityGlobals) = postSolution
		SolutionGuid = {F2BF4FE9-DDEB-4F27-A081-D2CBF35AB7F7}
	EndGlobalSection
EndGlobal
